
Microsoft Visual Studio Solution File, Format Version 12.00
# Visual Studio Version 17
VisualStudioVersion = 17.4.33122.133
MinimumVisualStudioVersion = 10.0.40219.1
Project("{9A19103F-16F7-4668-BE54-9A1E7A4F7556}") = "AccountingVoucher.API", "AccountingVoucher\AccountingVoucher.API.csproj", "{F40FA7E3-8707-4B76-BC4A-36357BA91534}"
EndProject
Project("{9A19103F-16F7-4668-BE54-9A1E7A4F7556}") = "GeneralLedger", "GENERALLEDGER\GeneralLedger.csproj", "{F36E78A2-9D6E-4CB9-A40D-208F52C351B5}"
EndProject
Project("{9A19103F-16F7-4668-BE54-9A1E7A4F7556}") = "TrilaBalance", "TRIALBALANCE\TrilaBalance.csproj", "{9541D60A-BE6E-4CFD-B02C-1885FEBB42E8}"
EndProject
Project("{9A19103F-16F7-4668-BE54-9A1E7A4F7556}") = "SubSidiaryLedger", "SUBSIDIARYLEDGER\SubSidiaryLedger.csproj", "{FDAC2CFA-C6C4-4E74-9BC5-B4CFBDCA2153}"
EndProject
Project("{9A19103F-16F7-4668-BE54-9A1E7A4F7556}") = "AuditLog", "AuditLog\AuditLog.csproj", "{A8F6F752-0DD6-4D08-8856-96BF424FF33F}"
EndProject
Project("{2150E333-8FDC-42A3-9474-1A3956D46DE8}") = "AccountingVoucher", "AccountingVoucher", "{FDFD2976-5D2E-47F3-BDE1-468889292202}"
EndProject
Project("{9A19103F-16F7-4668-BE54-9A1E7A4F7556}") = "AccountingVoucher.Domain", "AccountingVoucher.Domain\AccountingVoucher.Domain.csproj", "{D96A6E78-0730-4719-9D4D-33EAE72D56FD}"
EndProject
Project("{9A19103F-16F7-4668-BE54-9A1E7A4F7556}") = "AccountingVoucher.Application", "AccountingVoucher.Application\AccountingVoucher.Application.csproj", "{74130BB7-3E96-4730-94A2-603A5B5236D4}"
EndProject
Project("{9A19103F-16F7-4668-BE54-9A1E7A4F7556}") = "AccountingVoucher.Infrastructure", "AccountingVoucher.Infrastructure\AccountingVoucher.Infrastructure.csproj", "{C4FDF509-4C3A-4350-976C-9CACC5E784BB}"
EndProject
Project("{2150E333-8FDC-42A3-9474-1A3956D46DE8}") = "FrameWorks", "FrameWorks", "{BF0A0FD9-821E-4C63-A2A7-40BA100D64BE}"
EndProject
Project("{9A19103F-16F7-4668-BE54-9A1E7A4F7556}") = "FrameWork.Application", "FrameWork.Application\FrameWork.Application.csproj", "{E7AE5FC1-30A4-43E1-9437-8852A07C6F57}"
EndProject
Project("{9A19103F-16F7-4668-BE54-9A1E7A4F7556}") = "FrameWork.Domain", "FrameWork.Domain\FrameWork.Domain.csproj", "{10B75421-5FC3-4D04-BD80-73F5A0784A74}"
EndProject
Project("{9A19103F-16F7-4668-BE54-9A1E7A4F7556}") = "FrameWork.Infrastruture", "FrameWork.Infrastruture\FrameWork.Infrastruture.csproj", "{55C366A4-74B7-4E89-8431-10BF1C4ED491}"
EndProject
Project("{9A19103F-16F7-4668-BE54-9A1E7A4F7556}") = "FrameWork.Persistance.EFCore", "FrameWork.Persistance.EFCore\FrameWork.Persistance.EFCore.csproj", "{5689B6F5-883B-402E-B0B0-DBDC40B29BF7}"
EndProject
Project("{2150E333-8FDC-42A3-9474-1A3956D46DE8}") = "AccountingJournal", "AccountingJournal", "{6F9B40F0-BCB5-4A13-A9E2-47BD88A38A23}"
EndProject
Project("{9A19103F-16F7-4668-BE54-9A1E7A4F7556}") = "AccountingJournal.Application", "AccountingJournal.Application\AccountingJournal.Application.csproj", "{235F3EAB-6F6C-4BC4-A234-546334689261}"
EndProject
Project("{9A19103F-16F7-4668-BE54-9A1E7A4F7556}") = "AccountingJournal.Domain", "AccountingJurnal.Domain\AccountingJournal.Domain.csproj", "{CDE05F9F-0083-492D-9172-327C12AA2737}"
EndProject
Project("{9A19103F-16F7-4668-BE54-9A1E7A4F7556}") = "AccountingJournal.Infrastrcture", "AccountingJurnal.Infrastrcture\AccountingJournal.Infrastrcture.csproj", "{C8DD2BE6-76D7-4E4C-A090-B801A1FA543F}"
EndProject
Project("{9A19103F-16F7-4668-BE54-9A1E7A4F7556}") = "AccountingJournal.API", "AccountingJournal.API\AccountingJournal.API.csproj", "{0FD68D9E-2D47-43C9-9F46-4CC654F78C4E}"
EndProject
Project("{FAE04EC0-301F-11D3-BF4B-00C04F79EFBC}") = "VouchersTests", "VouchersTests\VouchersTests.csproj", "{278BA3D3-621C-463B-98BE-4CD9FB90EC7D}"
EndProject
Global
	GlobalSection(SolutionConfigurationPlatforms) = preSolution
		Debug|Any CPU = Debug|Any CPU
		Release|Any CPU = Release|Any CPU
	EndGlobalSection
	GlobalSection(ProjectConfigurationPlatforms) = postSolution
		{F40FA7E3-8707-4B76-BC4A-36357BA91534}.Debug|Any CPU.ActiveCfg = Debug|Any CPU
		{F40FA7E3-8707-4B76-BC4A-36357BA91534}.Debug|Any CPU.Build.0 = Debug|Any CPU
		{F40FA7E3-8707-4B76-BC4A-36357BA91534}.Release|Any CPU.ActiveCfg = Release|Any CPU
		{F40FA7E3-8707-4B76-BC4A-36357BA91534}.Release|Any CPU.Build.0 = Release|Any CPU
		{F36E78A2-9D6E-4CB9-A40D-208F52C351B5}.Debug|Any CPU.ActiveCfg = Debug|Any CPU
		{F36E78A2-9D6E-4CB9-A40D-208F52C351B5}.Debug|Any CPU.Build.0 = Debug|Any CPU
		{F36E78A2-9D6E-4CB9-A40D-208F52C351B5}.Release|Any CPU.ActiveCfg = Release|Any CPU
		{F36E78A2-9D6E-4CB9-A40D-208F52C351B5}.Release|Any CPU.Build.0 = Release|Any CPU
		{9541D60A-BE6E-4CFD-B02C-1885FEBB42E8}.Debug|Any CPU.ActiveCfg = Debug|Any CPU
		{9541D60A-BE6E-4CFD-B02C-1885FEBB42E8}.Debug|Any CPU.Build.0 = Debug|Any CPU
		{9541D60A-BE6E-4CFD-B02C-1885FEBB42E8}.Release|Any CPU.ActiveCfg = Release|Any CPU
		{9541D60A-BE6E-4CFD-B02C-1885FEBB42E8}.Release|Any CPU.Build.0 = Release|Any CPU
		{FDAC2CFA-C6C4-4E74-9BC5-B4CFBDCA2153}.Debug|Any CPU.ActiveCfg = Debug|Any CPU
		{FDAC2CFA-C6C4-4E74-9BC5-B4CFBDCA2153}.Debug|Any CPU.Build.0 = Debug|Any CPU
		{FDAC2CFA-C6C4-4E74-9BC5-B4CFBDCA2153}.Release|Any CPU.ActiveCfg = Release|Any CPU
		{FDAC2CFA-C6C4-4E74-9BC5-B4CFBDCA2153}.Release|Any CPU.Build.0 = Release|Any CPU
		{A8F6F752-0DD6-4D08-8856-96BF424FF33F}.Debug|Any CPU.ActiveCfg = Debug|Any CPU
		{A8F6F752-0DD6-4D08-8856-96BF424FF33F}.Debug|Any CPU.Build.0 = Debug|Any CPU
		{A8F6F752-0DD6-4D08-8856-96BF424FF33F}.Release|Any CPU.ActiveCfg = Release|Any CPU
		{A8F6F752-0DD6-4D08-8856-96BF424FF33F}.Release|Any CPU.Build.0 = Release|Any CPU
		{D96A6E78-0730-4719-9D4D-33EAE72D56FD}.Debug|Any CPU.ActiveCfg = Debug|Any CPU
		{D96A6E78-0730-4719-9D4D-33EAE72D56FD}.Debug|Any CPU.Build.0 = Debug|Any CPU
		{D96A6E78-0730-4719-9D4D-33EAE72D56FD}.Release|Any CPU.ActiveCfg = Release|Any CPU
		{D96A6E78-0730-4719-9D4D-33EAE72D56FD}.Release|Any CPU.Build.0 = Release|Any CPU
		{74130BB7-3E96-4730-94A2-603A5B5236D4}.Debug|Any CPU.ActiveCfg = Debug|Any CPU
		{74130BB7-3E96-4730-94A2-603A5B5236D4}.Debug|Any CPU.Build.0 = Debug|Any CPU
		{74130BB7-3E96-4730-94A2-603A5B5236D4}.Release|Any CPU.ActiveCfg = Release|Any CPU
		{74130BB7-3E96-4730-94A2-603A5B5236D4}.Release|Any CPU.Build.0 = Release|Any CPU
		{C4FDF509-4C3A-4350-976C-9CACC5E784BB}.Debug|Any CPU.ActiveCfg = Debug|Any CPU
		{C4FDF509-4C3A-4350-976C-9CACC5E784BB}.Debug|Any CPU.Build.0 = Debug|Any CPU
		{C4FDF509-4C3A-4350-976C-9CACC5E784BB}.Release|Any CPU.ActiveCfg = Release|Any CPU
		{C4FDF509-4C3A-4350-976C-9CACC5E784BB}.Release|Any CPU.Build.0 = Release|Any CPU
		{E7AE5FC1-30A4-43E1-9437-8852A07C6F57}.Debug|Any CPU.ActiveCfg = Debug|Any CPU
		{E7AE5FC1-30A4-43E1-9437-8852A07C6F57}.Debug|Any CPU.Build.0 = Debug|Any CPU
		{E7AE5FC1-30A4-43E1-9437-8852A07C6F57}.Release|Any CPU.ActiveCfg = Release|Any CPU
		{E7AE5FC1-30A4-43E1-9437-8852A07C6F57}.Release|Any CPU.Build.0 = Release|Any CPU
		{10B75421-5FC3-4D04-BD80-73F5A0784A74}.Debug|Any CPU.ActiveCfg = Debug|Any CPU
		{10B75421-5FC3-4D04-BD80-73F5A0784A74}.Debug|Any CPU.Build.0 = Debug|Any CPU
		{10B75421-5FC3-4D04-BD80-73F5A0784A74}.Release|Any CPU.ActiveCfg = Release|Any CPU
		{10B75421-5FC3-4D04-BD80-73F5A0784A74}.Release|Any CPU.Build.0 = Release|Any CPU
		{55C366A4-74B7-4E89-8431-10BF1C4ED491}.Debug|Any CPU.ActiveCfg = Debug|Any CPU
		{55C366A4-74B7-4E89-8431-10BF1C4ED491}.Debug|Any CPU.Build.0 = Debug|Any CPU
		{55C366A4-74B7-4E89-8431-10BF1C4ED491}.Release|Any CPU.ActiveCfg = Release|Any CPU
		{55C366A4-74B7-4E89-8431-10BF1C4ED491}.Release|Any CPU.Build.0 = Release|Any CPU
		{5689B6F5-883B-402E-B0B0-DBDC40B29BF7}.Debug|Any CPU.ActiveCfg = Debug|Any CPU
		{5689B6F5-883B-402E-B0B0-DBDC40B29BF7}.Debug|Any CPU.Build.0 = Debug|Any CPU
		{5689B6F5-883B-402E-B0B0-DBDC40B29BF7}.Release|Any CPU.ActiveCfg = Release|Any CPU
		{5689B6F5-883B-402E-B0B0-DBDC40B29BF7}.Release|Any CPU.Build.0 = Release|Any CPU
		{235F3EAB-6F6C-4BC4-A234-546334689261}.Debug|Any CPU.ActiveCfg = Debug|Any CPU
		{235F3EAB-6F6C-4BC4-A234-546334689261}.Debug|Any CPU.Build.0 = Debug|Any CPU
		{235F3EAB-6F6C-4BC4-A234-546334689261}.Release|Any CPU.ActiveCfg = Release|Any CPU
		{235F3EAB-6F6C-4BC4-A234-546334689261}.Release|Any CPU.Build.0 = Release|Any CPU
		{CDE05F9F-0083-492D-9172-327C12AA2737}.Debug|Any CPU.ActiveCfg = Debug|Any CPU
		{CDE05F9F-0083-492D-9172-327C12AA2737}.Debug|Any CPU.Build.0 = Debug|Any CPU
		{CDE05F9F-0083-492D-9172-327C12AA2737}.Release|Any CPU.ActiveCfg = Release|Any CPU
		{CDE05F9F-0083-492D-9172-327C12AA2737}.Release|Any CPU.Build.0 = Release|Any CPU
		{C8DD2BE6-76D7-4E4C-A090-B801A1FA543F}.Debug|Any CPU.ActiveCfg = Debug|Any CPU
		{C8DD2BE6-76D7-4E4C-A090-B801A1FA543F}.Debug|Any CPU.Build.0 = Debug|Any CPU
		{C8DD2BE6-76D7-4E4C-A090-B801A1FA543F}.Release|Any CPU.ActiveCfg = Release|Any CPU
		{C8DD2BE6-76D7-4E4C-A090-B801A1FA543F}.Release|Any CPU.Build.0 = Release|Any CPU
		{0FD68D9E-2D47-43C9-9F46-4CC654F78C4E}.Debug|Any CPU.ActiveCfg = Debug|Any CPU
		{0FD68D9E-2D47-43C9-9F46-4CC654F78C4E}.Debug|Any CPU.Build.0 = Debug|Any CPU
		{0FD68D9E-2D47-43C9-9F46-4CC654F78C4E}.Release|Any CPU.ActiveCfg = Release|Any CPU
		{0FD68D9E-2D47-43C9-9F46-4CC654F78C4E}.Release|Any CPU.Build.0 = Release|Any CPU
		{278BA3D3-621C-463B-98BE-4CD9FB90EC7D}.Debug|Any CPU.ActiveCfg = Debug|Any CPU
		{278BA3D3-621C-463B-98BE-4CD9FB90EC7D}.Debug|Any CPU.Build.0 = Debug|Any CPU
		{278BA3D3-621C-463B-98BE-4CD9FB90EC7D}.Release|Any CPU.ActiveCfg = Release|Any CPU
		{278BA3D3-621C-463B-98BE-4CD9FB90EC7D}.Release|Any CPU.Build.0 = Release|Any CPU
	EndGlobalSection
	GlobalSection(SolutionProperties) = preSolution
		HideSolutionNode = FALSE
	EndGlobalSection
	GlobalSection(NestedProjects) = preSolution
		{F40FA7E3-8707-4B76-BC4A-36357BA91534} = {FDFD2976-5D2E-47F3-BDE1-468889292202}
		{D96A6E78-0730-4719-9D4D-33EAE72D56FD} = {FDFD2976-5D2E-47F3-BDE1-468889292202}
		{74130BB7-3E96-4730-94A2-603A5B5236D4} = {FDFD2976-5D2E-47F3-BDE1-468889292202}
		{C4FDF509-4C3A-4350-976C-9CACC5E784BB} = {FDFD2976-5D2E-47F3-BDE1-468889292202}
		{E7AE5FC1-30A4-43E1-9437-8852A07C6F57} = {BF0A0FD9-821E-4C63-A2A7-40BA100D64BE}
		{10B75421-5FC3-4D04-BD80-73F5A0784A74} = {BF0A0FD9-821E-4C63-A2A7-40BA100D64BE}
		{55C366A4-74B7-4E89-8431-10BF1C4ED491} = {BF0A0FD9-821E-4C63-A2A7-40BA100D64BE}
		{5689B6F5-883B-402E-B0B0-DBDC40B29BF7} = {BF0A0FD9-821E-4C63-A2A7-40BA100D64BE}
		{235F3EAB-6F6C-4BC4-A234-546334689261} = {6F9B40F0-BCB5-4A13-A9E2-47BD88A38A23}
		{CDE05F9F-0083-492D-9172-327C12AA2737} = {6F9B40F0-BCB5-4A13-A9E2-47BD88A38A23}
		{C8DD2BE6-76D7-4E4C-A090-B801A1FA543F} = {6F9B40F0-BCB5-4A13-A9E2-47BD88A38A23}
		{0FD68D9E-2D47-43C9-9F46-4CC654F78C4E} = {6F9B40F0-BCB5-4A13-A9E2-47BD88A38A23}
		{278BA3D3-621C-463B-98BE-4CD9FB90EC7D} = {FDFD2976-5D2E-47F3-BDE1-468889292202}
	EndGlobalSection
	GlobalSection(ExtensibilityGlobals) = postSolution
		SolutionGuid = {83A46330-BCF9-4A85-A125-5FBF6A14AC31}
	EndGlobalSection
EndGlobal
